// !$*UTF8*$!
{
	archiveVersion = 1;
	classes = {
	};
	objectVersion = 56;
	objects = {

/* Begin PBXBuildFile section */
		868E34C6290C1DC800F816BF /* Shaders.metal in Sources */ = {isa = PBXBuildFile; fileRef = 868E34C5290C1DC800F816BF /* Shaders.metal */; };
		8691D3FE290ADC6C00B7DAE0 /* AppDelegate.m in Sources */ = {isa = PBXBuildFile; fileRef = 8691D3FD290ADC6C00B7DAE0 /* AppDelegate.m */; };
		8691D401290ADC6C00B7DAE0 /* ViewController.m in Sources */ = {isa = PBXBuildFile; fileRef = 8691D400290ADC6C00B7DAE0 /* ViewController.m */; };
		8691D403290ADC6D00B7DAE0 /* Assets.xcassets in Resources */ = {isa = PBXBuildFile; fileRef = 8691D402290ADC6D00B7DAE0 /* Assets.xcassets */; };
		8691D406290ADC6D00B7DAE0 /* Main.storyboard in Resources */ = {isa = PBXBuildFile; fileRef = 8691D404290ADC6D00B7DAE0 /* Main.storyboard */; };
		8691D408290ADC6D00B7DAE0 /* main.m in Sources */ = {isa = PBXBuildFile; fileRef = 8691D407290ADC6D00B7DAE0 /* main.m */; };
		8691D413290AE0AD00B7DAE0 /* VideoCapturer.m in Sources */ = {isa = PBXBuildFile; fileRef = 8691D40F290AE0AD00B7DAE0 /* VideoCapturer.m */; };
		8691D414290AE0AD00B7DAE0 /* VideoCapturerUtil.m in Sources */ = {isa = PBXBuildFile; fileRef = 8691D411290AE0AD00B7DAE0 /* VideoCapturerUtil.m */; };
		86B00594290D7C4A0054F8E7 /* MBEMathUtilities.m in Sources */ = {isa = PBXBuildFile; fileRef = 86B00592290D7C4A0054F8E7 /* MBEMathUtilities.m */; };
/* End PBXBuildFile section */

/* Begin PBXFileReference section */
		868E34C5290C1DC800F816BF /* Shaders.metal */ = {isa = PBXFileReference; lastKnownFileType = sourcecode.metal; path = Shaders.metal; sourceTree = "<group>"; };
		868E34C8290C20F400F816BF /* ShaderTypes.h */ = {isa = PBXFileReference; lastKnownFileType = sourcecode.c.h; path = ShaderTypes.h; sourceTree = "<group>"; };
		8691D3F9290ADC6C00B7DAE0 /* PreviewWithMetal.app */ = {isa = PBXFileReference; explicitFileType = wrapper.application; includeInIndex = 0; path = PreviewWithMetal.app; sourceTree = BUILT_PRODUCTS_DIR; };
		8691D3FC290ADC6C00B7DAE0 /* AppDelegate.h */ = {isa = PBXFileReference; lastKnownFileType = sourcecode.c.h; path = AppDelegate.h; sourceTree = "<group>"; };
		8691D3FD290ADC6C00B7DAE0 /* AppDelegate.m */ = {isa = PBXFileReference; lastKnownFileType = sourcecode.c.objc; path = AppDelegate.m; sourceTree = "<group>"; };
		8691D3FF290ADC6C00B7DAE0 /* ViewController.h */ = {isa = PBXFileReference; lastKnownFileType = sourcecode.c.h; path = ViewController.h; sourceTree = "<group>"; };
		8691D400290ADC6C00B7DAE0 /* ViewController.m */ = {isa = PBXFileReference; lastKnownFileType = sourcecode.c.objc; path = ViewController.m; sourceTree = "<group>"; };
		8691D402290ADC6D00B7DAE0 /* Assets.xcassets */ = {isa = PBXFileReference; lastKnownFileType = folder.assetcatalog; path = Assets.xcassets; sourceTree = "<group>"; };
		8691D405290ADC6D00B7DAE0 /* Base */ = {isa = PBXFileReference; lastKnownFileType = file.storyboard; name = Base; path = Base.lproj/Main.storyboard; sourceTree = "<group>"; };
		8691D407290ADC6D00B7DAE0 /* main.m */ = {isa = PBXFileReference; lastKnownFileType = sourcecode.c.objc; path = main.m; sourceTree = "<group>"; };
		8691D409290ADC6D00B7DAE0 /* PreviewWithMetal.entitlements */ = {isa = PBXFileReference; lastKnownFileType = text.plist.entitlements; path = PreviewWithMetal.entitlements; sourceTree = "<group>"; };
		8691D40F290AE0AD00B7DAE0 /* VideoCapturer.m */ = {isa = PBXFileReference; fileEncoding = 4; lastKnownFileType = sourcecode.c.objc; path = VideoCapturer.m; sourceTree = "<group>"; };
		8691D410290AE0AD00B7DAE0 /* VideoCapturer.h */ = {isa = PBXFileReference; fileEncoding = 4; lastKnownFileType = sourcecode.c.h; path = VideoCapturer.h; sourceTree = "<group>"; };
		8691D411290AE0AD00B7DAE0 /* VideoCapturerUtil.m */ = {isa = PBXFileReference; fileEncoding = 4; lastKnownFileType = sourcecode.c.objc; path = VideoCapturerUtil.m; sourceTree = "<group>"; };
		8691D412290AE0AD00B7DAE0 /* VideoCapturerUtil.h */ = {isa = PBXFileReference; fileEncoding = 4; lastKnownFileType = sourcecode.c.h; path = VideoCapturerUtil.h; sourceTree = "<group>"; };
		86B00592290D7C4A0054F8E7 /* MBEMathUtilities.m */ = {isa = PBXFileReference; fileEncoding = 4; lastKnownFileType = sourcecode.c.objc; path = MBEMathUtilities.m; sourceTree = "<group>"; };
		86B00593290D7C4A0054F8E7 /* MBEMathUtilities.h */ = {isa = PBXFileReference; fileEncoding = 4; lastKnownFileType = sourcecode.c.h; path = MBEMathUtilities.h; sourceTree = "<group>"; };
/* End PBXFileReference section */

/* Begin PBXFrameworksBuildPhase section */
		8691D3F6290ADC6C00B7DAE0 /* Frameworks */ = {
			isa = PBXFrameworksBuildPhase;
			buildActionMask = 2147483647;
			files = (
			);
			runOnlyForDeploymentPostprocessing = 0;
		};
/* End PBXFrameworksBuildPhase section */

/* Begin PBXGroup section */
		868E34C7290C205A00F816BF /* metal */ = {
			isa = PBXGroup;
			children = (
				86B00593290D7C4A0054F8E7 /* MBEMathUtilities.h */,
				86B00592290D7C4A0054F8E7 /* MBEMathUtilities.m */,
				868E34C5290C1DC800F816BF /* Shaders.metal */,
				868E34C8290C20F400F816BF /* ShaderTypes.h */,
			);
			path = metal;
			sourceTree = "<group>";
		};
		8691D3F0290ADC6C00B7DAE0 = {
			isa = PBXGroup;
			children = (
				8691D3FB290ADC6C00B7DAE0 /* PreviewWithMetal */,
				8691D3FA290ADC6C00B7DAE0 /* Products */,
			);
			sourceTree = "<group>";
		};
		8691D3FA290ADC6C00B7DAE0 /* Products */ = {
			isa = PBXGroup;
			children = (
				8691D3F9290ADC6C00B7DAE0 /* PreviewWithMetal.app */,
			);
			name = Products;
			sourceTree = "<group>";
		};
		8691D3FB290ADC6C00B7DAE0 /* PreviewWithMetal */ = {
			isa = PBXGroup;
			children = (
				8691D410290AE0AD00B7DAE0 /* VideoCapturer.h */,
				8691D40F290AE0AD00B7DAE0 /* VideoCapturer.m */,
				8691D412290AE0AD00B7DAE0 /* VideoCapturerUtil.h */,
				8691D411290AE0AD00B7DAE0 /* VideoCapturerUtil.m */,
				8691D3FC290ADC6C00B7DAE0 /* AppDelegate.h */,
				8691D3FD290ADC6C00B7DAE0 /* AppDelegate.m */,
				868E34C7290C205A00F816BF /* metal */,
				8691D3FF290ADC6C00B7DAE0 /* ViewController.h */,
				8691D400290ADC6C00B7DAE0 /* ViewController.m */,
				8691D402290ADC6D00B7DAE0 /* Assets.xcassets */,
				8691D404290ADC6D00B7DAE0 /* Main.storyboard */,
				8691D407290ADC6D00B7DAE0 /* main.m */,
				8691D409290ADC6D00B7DAE0 /* PreviewWithMetal.entitlements */,
			);
			path = PreviewWithMetal;
			sourceTree = "<group>";
		};
/* End PBXGroup section */

/* Begin PBXNativeTarget section */
		8691D3F8290ADC6C00B7DAE0 /* PreviewWithMetal */ = {
			isa = PBXNativeTarget;
			buildConfigurationList = 8691D40C290ADC6D00B7DAE0 /* Build configuration list for PBXNativeTarget "PreviewWithMetal" */;
			buildPhases = (
				8691D3F5290ADC6C00B7DAE0 /* Sources */,
				8691D3F6290ADC6C00B7DAE0 /* Frameworks */,
				8691D3F7290ADC6C00B7DAE0 /* Resources */,
			);
			buildRules = (
			);
			dependencies = (
			);
			name = PreviewWithMetal;
			productName = PreviewWithMetal;
			productReference = 8691D3F9290ADC6C00B7DAE0 /* PreviewWithMetal.app */;
			productType = "com.apple.product-type.application";
		};
/* End PBXNativeTarget section */

/* Begin PBXProject section */
		8691D3F1290ADC6C00B7DAE0 /* Project object */ = {
			isa = PBXProject;
			attributes = {
				BuildIndependentTargetsInParallel = 1;
				CLASSPREFIX = PWM;
				LastUpgradeCheck = 1400;
				TargetAttributes = {
					8691D3F8290ADC6C00B7DAE0 = {
						CreatedOnToolsVersion = 14.0.1;
					};
				};
			};
			buildConfigurationList = 8691D3F4290ADC6C00B7DAE0 /* Build configuration list for PBXProject "PreviewWithMetal" */;
			compatibilityVersion = "Xcode 14.0";
			developmentRegion = en;
			hasScannedForEncodings = 0;
			knownRegions = (
				en,
				Base,
			);
			mainGroup = 8691D3F0290ADC6C00B7DAE0;
			productRefGroup = 8691D3FA290ADC6C00B7DAE0 /* Products */;
			projectDirPath = "";
			projectRoot = "";
			targets = (
				8691D3F8290ADC6C00B7DAE0 /* PreviewWithMetal */,
			);
		};
/* End PBXProject section */

/* Begin PBXResourcesBuildPhase section */
		8691D3F7290ADC6C00B7DAE0 /* Resources */ = {
			isa = PBXResourcesBuildPhase;
			buildActionMask = 2147483647;
			files = (
				8691D403290ADC6D00B7DAE0 /* Assets.xcassets in Resources */,
				8691D406290ADC6D00B7DAE0 /* Main.storyboard in Resources */,
			);
			runOnlyForDeploymentPostprocessing = 0;
		};
/* End PBXResourcesBuildPhase section */

/* Begin PBXSourcesBuildPhase section */
		8691D3F5290ADC6C00B7DAE0 /* Sources */ = {
			isa = PBXSourcesBuildPhase;
			buildActionMask = 2147483647;
			files = (
				868E34C6290C1DC800F816BF /* Shaders.metal in Sources */,
				8691D401290ADC6C00B7DAE0 /* ViewController.m in Sources */,
				8691D414290AE0AD00B7DAE0 /* VideoCapturerUtil.m in Sources */,
				8691D408290ADC6D00B7DAE0 /* main.m in Sources */,
				8691D3FE290ADC6C00B7DAE0 /* AppDelegate.m in Sources */,
				86B00594290D7C4A0054F8E7 /* MBEMathUtilities.m in Sources */,
				8691D413290AE0AD00B7DAE0 /* VideoCapturer.m in Sources */,
			);
			runOnlyForDeploymentPostprocessing = 0;
		};
/* End PBXSourcesBuildPhase section */

/* Begin PBXVariantGroup section */
		8691D404290ADC6D00B7DAE0 /* Main.storyboard */ = {
			isa = PBXVariantGroup;
			children = (
				8691D405290ADC6D00B7DAE0 /* Base */,
			);
			name = Main.storyboard;
			sourceTree = "<group>";
		};
/* End PBXVariantGroup section */

/* Begin XCBuildConfiguration section */
		8691D40A290ADC6D00B7DAE0 /* Debug */ = {
			isa = XCBuildConfiguration;
			buildSettings = {
				ALWAYS_SEARCH_USER_PATHS = NO;
				CLANG_ANALYZER_NONNULL = YES;
				CLANG_ANALYZER_NUMBER_OBJECT_CONVERSION = YES_AGGRESSIVE;
				CLANG_CXX_LANGUAGE_STANDARD = "gnu++20";
				CLANG_ENABLE_MODULES = YES;
				CLANG_ENABLE_OBJC_ARC = YES;
				CLANG_ENABLE_OBJC_WEAK = YES;
				CLANG_WARN_BLOCK_CAPTURE_AUTORELEASING = YES;
				CLANG_WARN_BOOL_CONVERSION = YES;
				CLANG_WARN_COMMA = YES;
				CLANG_WARN_CONSTANT_CONVERSION = YES;
				CLANG_WARN_DEPRECATED_OBJC_IMPLEMENTATIONS = YES;
				CLANG_WARN_DIRECT_OBJC_ISA_USAGE = YES_ERROR;
				CLANG_WARN_DOCUMENTATION_COMMENTS = YES;
				CLANG_WARN_EMPTY_BODY = YES;
				CLANG_WARN_ENUM_CONVERSION = YES;
				CLANG_WARN_INFINITE_RECURSION = YES;
				CLANG_WARN_INT_CONVERSION = YES;
				CLANG_WARN_NON_LITERAL_NULL_CONVERSION = YES;
				CLANG_WARN_OBJC_IMPLICIT_RETAIN_SELF = YES;
				CLANG_WARN_OBJC_LITERAL_CONVERSION = YES;
				CLANG_WARN_OBJC_ROOT_CLASS = YES_ERROR;
				CLANG_WARN_QUOTED_INCLUDE_IN_FRAMEWORK_HEADER = YES;
				CLANG_WARN_RANGE_LOOP_ANALYSIS = YES;
				CLANG_WARN_STRICT_PROTOTYPES = YES;
				CLANG_WARN_SUSPICIOUS_MOVE = YES;
				CLANG_WARN_UNGUARDED_AVAILABILITY = YES_AGGRESSIVE;
				CLANG_WARN_UNREACHABLE_CODE = YES;
				CLANG_WARN__DUPLICATE_METHOD_MATCH = YES;
				COPY_PHASE_STRIP = NO;
				DEBUG_INFORMATION_FORMAT = dwarf;
				ENABLE_STRICT_OBJC_MSGSEND = YES;
				ENABLE_TESTABILITY = YES;
				GCC_C_LANGUAGE_STANDARD = gnu11;
				GCC_DYNAMIC_NO_PIC = NO;
				GCC_NO_COMMON_BLOCKS = YES;
				GCC_OPTIMIZATION_LEVEL = 0;
				GCC_PREPROCESSOR_DEFINITIONS = (
					"DEBUG=1",
					"$(inherited)",
				);
				GCC_WARN_64_TO_32_BIT_CONVERSION = YES;
				GCC_WARN_ABOUT_RETURN_TYPE = YES_ERROR;
				GCC_WARN_UNDECLARED_SELECTOR = YES;
				GCC_WARN_UNINITIALIZED_AUTOS = YES_AGGRESSIVE;
				GCC_WARN_UNUSED_FUNCTION = YES;
				GCC_WARN_UNUSED_VARIABLE = YES;
				MACOSX_DEPLOYMENT_TARGET = 12.3;
				MTL_ENABLE_DEBUG_INFO = INCLUDE_SOURCE;
				MTL_FAST_MATH = YES;
				ONLY_ACTIVE_ARCH = YES;
				SDKROOT = macosx;
			};
			name = Debug;
		};
		8691D40B290ADC6D00B7DAE0 /* Release */ = {
			isa = XCBuildConfiguration;
			buildSettings = {
				ALWAYS_SEARCH_USER_PATHS = NO;
				CLANG_ANALYZER_NONNULL = YES;
				CLANG_ANALYZER_NUMBER_OBJECT_CONVERSION = YES_AGGRESSIVE;
				CLANG_CXX_LANGUAGE_STANDARD = "gnu++20";
				CLANG_ENABLE_MODULES = YES;
				CLANG_ENABLE_OBJC_ARC = YES;
				CLANG_ENABLE_OBJC_WEAK = YES;
				CLANG_WARN_BLOCK_CAPTURE_AUTORELEASING = YES;
				CLANG_WARN_BOOL_CONVERSION = YES;
				CLANG_WARN_COMMA = YES;
				CLANG_WARN_CONSTANT_CONVERSION = YES;
				CLANG_WARN_DEPRECATED_OBJC_IMPLEMENTATIONS = YES;
				CLANG_WARN_DIRECT_OBJC_ISA_USAGE = YES_ERROR;
				CLANG_WARN_DOCUMENTATION_COMMENTS = YES;
				CLANG_WARN_EMPTY_BODY = YES;
				CLANG_WARN_ENUM_CONVERSION = YES;
				CLANG_WARN_INFINITE_RECURSION = YES;
				CLANG_WARN_INT_CONVERSION = YES;
				CLANG_WARN_NON_LITERAL_NULL_CONVERSION = YES;
				CLANG_WARN_OBJC_IMPLICIT_RETAIN_SELF = YES;
				CLANG_WARN_OBJC_LITERAL_CONVERSION = YES;
				CLANG_WARN_OBJC_ROOT_CLASS = YES_ERROR;
				CLANG_WARN_QUOTED_INCLUDE_IN_FRAMEWORK_HEADER = YES;
				CLANG_WARN_RANGE_LOOP_ANALYSIS = YES;
				CLANG_WARN_STRICT_PROTOTYPES = YES;
				CLANG_WARN_SUSPICIOUS_MOVE = YES;
				CLANG_WARN_UNGUARDED_AVAILABILITY = YES_AGGRESSIVE;
				CLANG_WARN_UNREACHABLE_CODE = YES;
				CLANG_WARN__DUPLICATE_METHOD_MATCH = YES;
				COPY_PHASE_STRIP = NO;
				DEBUG_INFORMATION_FORMAT = "dwarf-with-dsym";
				ENABLE_NS_ASSERTIONS = NO;
				ENABLE_STRICT_OBJC_MSGSEND = YES;
				GCC_C_LANGUAGE_STANDARD = gnu11;
				GCC_NO_COMMON_BLOCKS = YES;
				GCC_WARN_64_TO_32_BIT_CONVERSION = YES;
				GCC_WARN_ABOUT_RETURN_TYPE = YES_ERROR;
				GCC_WARN_UNDECLARED_SELECTOR = YES;
				GCC_WARN_UNINITIALIZED_AUTOS = YES_AGGRESSIVE;
				GCC_WARN_UNUSED_FUNCTION = YES;
				GCC_WARN_UNUSED_VARIABLE = YES;
				MACOSX_DEPLOYMENT_TARGET = 12.3;
				MTL_ENABLE_DEBUG_INFO = NO;
				MTL_FAST_MATH = YES;
				SDKROOT = macosx;
			};
			name = Release;
		};
		8691D40D290ADC6D00B7DAE0 /* Debug */ = {
			isa = XCBuildConfiguration;
			buildSettings = {
				ASSETCATALOG_COMPILER_APPICON_NAME = AppIcon;
				ASSETCATALOG_COMPILER_GLOBAL_ACCENT_COLOR_NAME = AccentColor;
				CODE_SIGN_ENTITLEMENTS = PreviewWithMetal/PreviewWithMetal.entitlements;
				CODE_SIGN_STYLE = Automatic;
				COMBINE_HIDPI_IMAGES = YES;
				CURRENT_PROJECT_VERSION = 1;
				GENERATE_INFOPLIST_FILE = YES;
				INFOPLIST_KEY_NSCameraUsageDescription = "record video";
				INFOPLIST_KEY_NSHumanReadableCopyright = "";
				INFOPLIST_KEY_NSMainStoryboardFile = Main;
				INFOPLIST_KEY_NSPrincipalClass = NSApplication;
				LD_RUNPATH_SEARCH_PATHS = (
					"$(inherited)",
					"@executable_path/../Frameworks",
				);
				MARKETING_VERSION = 1.0;
				PRODUCT_BUNDLE_IDENTIFIER = com.yxibng.PreviewWithMetal;
				PRODUCT_NAME = "$(TARGET_NAME)";
				SWIFT_EMIT_LOC_STRINGS = YES;
			};
			name = Debug;
		};
		8691D40E290ADC6D00B7DAE0 /* Release */ = {
			isa = XCBuildConfiguration;
			buildSettings = {
				ASSETCATALOG_COMPILER_APPICON_NAME = AppIcon;
				ASSETCATALOG_COMPILER_GLOBAL_ACCENT_COLOR_NAME = AccentColor;
				CODE_SIGN_ENTITLEMENTS = PreviewWithMetal/PreviewWithMetal.entitlements;
				CODE_SIGN_STYLE = Automatic;
				COMBINE_HIDPI_IMAGES = YES;
				CURRENT_PROJECT_VERSION = 1;
				GENERATE_INFOPLIST_FILE = YES;
				INFOPLIST_KEY_NSCameraUsageDescription = "record video";
				INFOPLIST_KEY_NSHumanReadableCopyright = "";
				INFOPLIST_KEY_NSMainStoryboardFile = Main;
				INFOPLIST_KEY_NSPrincipalClass = NSApplication;
				LD_RUNPATH_SEARCH_PATHS = (
					"$(inherited)",
					"@executable_path/../Frameworks",
				);
				MARKETING_VERSION = 1.0;
				PRODUCT_BUNDLE_IDENTIFIER = com.yxibng.PreviewWithMetal;
				PRODUCT_NAME = "$(TARGET_NAME)";
				SWIFT_EMIT_LOC_STRINGS = YES;
			};
			name = Release;
		};
/* End XCBuildConfiguration section */

/* Begin XCConfigurationList section */
		8691D3F4290ADC6C00B7DAE0 /* Build configuration list for PBXProject "PreviewWithMetal" */ = {
			isa = XCConfigurationList;
			buildConfigurations = (
				8691D40A290ADC6D00B7DAE0 /* Debug */,
				8691D40B290ADC6D00B7DAE0 /* Release */,
			);
			defaultConfigurationIsVisible = 0;
			defaultConfigurationName = Release;
		};
		8691D40C290ADC6D00B7DAE0 /* Build configuration list for PBXNativeTarget "PreviewWithMetal" */ = {
			isa = XCConfigurationList;
			buildConfigurations = (
				8691D40D290ADC6D00B7DAE0 /* Debug */,
				8691D40E290ADC6D00B7DAE0 /* Release */,
			);
			defaultConfigurationIsVisible = 0;
			defaultConfigurationName = Release;
		};
/* End XCConfigurationList section */
	};
	rootObject = 8691D3F1290ADC6C00B7DAE0 /* Project object */;
}
